[{<<"cowboy">>,
  {git,"https://github.com/ninenines/cowboy",
       {ref,"c47f1e5fb824f24e97b8097c3a0886a2a022fa10"}},
  0},
 {<<"cowlib">>,
  {git,"https://github.com/ninenines/cowlib",
       {ref,"1b5539a1da1d39b110d81b118000f00bbedaf4b4"}},
  1},
 {<<"jsone">>,
  {git,"https://github.com/sile/jsone",
       {ref,"56416ee2b05ee66ca7a8454da4fbbd8899bfd18e"}},
  0},
 {<<"ranch">>,
  {git,"https://github.com/ninenines/ranch",
       {ref,"3190aef88aea04d6dce8545fe9b4574288903f44"}},
  1},
 {<<"redbug">>,
  {git,"https://github.com/massemanet/redbug",
       {ref,"c583d4567d1e2b8a540593ad0512559798d42565"}},
  0}].
